
Microsoft Visual Studio Solution File, Format Version 12.00
# Visual Studio Version 17
VisualStudioVersion = 17.13.35931.197
MinimumVisualStudioVersion = 10.0.40219.1
Project("{FAE04EC0-301F-11D3-BF4B-00C04F79EFBC}") = "ProtonConsole2", "ProtonConsole2.csproj", "{E8888FB7-2C2C-47B6-AE76-9972CB9144C6}"
EndProject
Global
	GlobalSection(SolutionConfigurationPlatforms) = preSolution
		Debug|Any CPU = Debug|Any CPU
		Release|Any CPU = Release|Any CPU
	EndGlobalSection
	GlobalSection(ProjectConfigurationPlatforms) = postSolution
		{E8888FB7-2C2C-47B6-AE76-9972CB9144C6}.Debug|Any CPU.ActiveCfg = Debug|Any CPU
		{E8888FB7-2C2C-47B6-AE76-9972CB9144C6}.Debug|Any CPU.Build.0 = Debug|Any CPU
		{E8888FB7-2C2C-47B6-AE76-9972CB9144C6}.Release|Any CPU.ActiveCfg = Release|Any CPU
		{E8888FB7-2C2C-47B6-AE76-9972CB9144C6}.Release|Any CPU.Build.0 = Release|Any CPU
	EndGlobalSection
	GlobalSection(SolutionProperties) = preSolution
		HideSolutionNode = FALSE
	EndGlobalSection
	GlobalSection(ExtensibilityGlobals) = postSolution
		SolutionGuid = {80757EE9-76D6-429F-918B-C7F2B9C57A4C}
	EndGlobalSection
EndGlobal
